Microsoft Visual Studio Solution File, Format Version 12.00
# Visual Studio Version 17
VisualStudioVersion = 17.5.2.0
MinimumVisualStudioVersion = 10.0.40219.1
Project("{FAE04EC0-301F-11D3-BF4B-00C04F79EFBC}") = "AzureBlobExplorerMVC", "AzureBlobExplorerMVC.csproj", "{EE57C7FF-21CC-DEAE-2F50-F8789B1FAB73}"
EndProject
Global
	GlobalSection(SolutionConfigurationPlatforms) = preSolution
		Debug|Any CPU = Debug|Any CPU
		Release|Any CPU = Release|Any CPU
	EndGlobalSection
	GlobalSection(ProjectConfigurationPlatforms) = postSolution
		{EE57C7FF-21CC-DEAE-2F50-F8789B1FAB73}.Debug|Any CPU.ActiveCfg = Debug|Any CPU
		{EE57C7FF-21CC-DEAE-2F50-F8789B1FAB73}.Debug|Any CPU.Build.0 = Debug|Any CPU
		{EE57C7FF-21CC-DEAE-2F50-F8789B1FAB73}.Release|Any CPU.ActiveCfg = Release|Any CPU
		{EE57C7FF-21CC-DEAE-2F50-F8789B1FAB73}.Release|Any CPU.Build.0 = Release|Any CPU
	EndGlobalSection
	GlobalSection(SolutionProperties) = preSolution
		HideSolutionNode = FALSE
	EndGlobalSection
	GlobalSection(ExtensibilityGlobals) = postSolution
		SolutionGuid = {C94CDF74-AA66-4B0A-B6F0-C8CA395B7C69}
	EndGlobalSection
EndGlobal
